
Microsoft Visual Studio Solution File, Format Version 12.00
# Visual Studio 15
VisualStudioVersion = 15.0.28307.902
MinimumVisualStudioVersion = 10.0.40219.1
Project("{FAE04EC0-301F-11D3-BF4B-00C04F79EFBC}") = "WebApplication5", "WebApplication5\WebApplication5.csproj", "{47D13865-022E-413D-A0CE-89679E8B8FE9}"
EndProject
Global
	GlobalSection(SolutionConfigurationPlatforms) = preSolution
		Debug|Any CPU = Debug|Any CPU
		Release|Any CPU = Release|Any CPU
	EndGlobalSection
	GlobalSection(ProjectConfigurationPlatforms) = postSolution
		{47D13865-022E-413D-A0CE-89679E8B8FE9}.Debug|Any CPU.ActiveCfg = Debug|Any CPU
		{47D13865-022E-413D-A0CE-89679E8B8FE9}.Debug|Any CPU.Build.0 = Debug|Any CPU
		{47D13865-022E-413D-A0CE-89679E8B8FE9}.Release|Any CPU.ActiveCfg = Release|Any CPU
		{47D13865-022E-413D-A0CE-89679E8B8FE9}.Release|Any CPU.Build.0 = Release|Any CPU
	EndGlobalSection
	GlobalSection(SolutionProperties) = preSolution
		HideSolutionNode = FALSE
	EndGlobalSection
	GlobalSection(ExtensibilityGlobals) = postSolution
		SolutionGuid = {684B87B0-16D2-47BF-ACF5-6313BE208430}
	EndGlobalSection
EndGlobal
